
Microsoft Visual Studio Solution File, Format Version 12.00
# Visual Studio Version 17
VisualStudioVersion = 17.8.34511.84
MinimumVisualStudioVersion = 10.0.40219.1
Project("{888888A0-9F3D-457C-B088-3A5042F75D52}") = "act3", "act3.pyproj", "{1CAD9DBE-220D-4E1C-93E9-C002BAA55B1E}"
EndProject
Global
	GlobalSection(SolutionConfigurationPlatforms) = preSolution
		Debug|Any CPU = Debug|Any CPU
		Release|Any CPU = Release|Any CPU
	EndGlobalSection
	GlobalSection(ProjectConfigurationPlatforms) = postSolution
		{1CAD9DBE-220D-4E1C-93E9-C002BAA55B1E}.Debug|Any CPU.ActiveCfg = Debug|Any CPU
		{1CAD9DBE-220D-4E1C-93E9-C002BAA55B1E}.Release|Any CPU.ActiveCfg = Release|Any CPU
	EndGlobalSection
	GlobalSection(SolutionProperties) = preSolution
		HideSolutionNode = FALSE
	EndGlobalSection
	GlobalSection(ExtensibilityGlobals) = postSolution
		SolutionGuid = {B351A030-AF3E-463D-8703-ECF5FDB97242}
	EndGlobalSection
EndGlobal
